
Microsoft Visual Studio Solution File, Format Version 12.00
# Visual Studio 15
VisualStudioVersion = 15.0.28010.2036
MinimumVisualStudioVersion = 10.0.40219.1
Project("{FAE04EC0-301F-11D3-BF4B-00C04F79EFBC}") = "L9Deconstr", "L9Deconstr\L9Deconstr.csproj", "{29E361ED-3D80-49FC-B179-AE518AD90841}"
EndProject
Global
	GlobalSection(SolutionConfigurationPlatforms) = preSolution
		Debug|Any CPU = Debug|Any CPU
		Release|Any CPU = Release|Any CPU
	EndGlobalSection
	GlobalSection(ProjectConfigurationPlatforms) = postSolution
		{29E361ED-3D80-49FC-B179-AE518AD90841}.Debug|Any CPU.ActiveCfg = Debug|Any CPU
		{29E361ED-3D80-49FC-B179-AE518AD90841}.Debug|Any CPU.Build.0 = Debug|Any CPU
		{29E361ED-3D80-49FC-B179-AE518AD90841}.Release|Any CPU.ActiveCfg = Release|Any CPU
		{29E361ED-3D80-49FC-B179-AE518AD90841}.Release|Any CPU.Build.0 = Release|Any CPU
	EndGlobalSection
	GlobalSection(SolutionProperties) = preSolution
		HideSolutionNode = FALSE
	EndGlobalSection
	GlobalSection(ExtensibilityGlobals) = postSolution
		SolutionGuid = {959B88CB-390F-4EBF-ABF1-955E808DFFD9}
	EndGlobalSection
EndGlobal
